// !$*UTF8*$!
{
	archiveVersion = 1;
	classes = {
	};
	objectVersion = 55;
	objects = {

/* Begin PBXBuildFile section */
		5436BCC4286DA493000C62B5 /* AppDelegate.swift in Sources */ = {isa = PBXBuildFile; fileRef = 5436BCC3286DA493000C62B5 /* AppDelegate.swift */; };
		5436BCC6286DA493000C62B5 /* SceneDelegate.swift in Sources */ = {isa = PBXBuildFile; fileRef = 5436BCC5286DA493000C62B5 /* SceneDelegate.swift */; };
		5436BCCB286DA493000C62B5 /* Main.storyboard in Resources */ = {isa = PBXBuildFile; fileRef = 5436BCC9286DA493000C62B5 /* Main.storyboard */; };
		5436BCCE286DA493000C62B5 /* Memory.xcdatamodeld in Sources */ = {isa = PBXBuildFile; fileRef = 5436BCCC286DA493000C62B5 /* Memory.xcdatamodeld */; };
		5436BCD0286DA493000C62B5 /* Assets.xcassets in Resources */ = {isa = PBXBuildFile; fileRef = 5436BCCF286DA493000C62B5 /* Assets.xcassets */; };
		5436BCD3286DA493000C62B5 /* LaunchScreen.storyboard in Resources */ = {isa = PBXBuildFile; fileRef = 5436BCD1286DA493000C62B5 /* LaunchScreen.storyboard */; };
		54FA17ED286E972B00330EF2 /* MemoListVC.swift in Sources */ = {isa = PBXBuildFile; fileRef = 54FA17EC286E972B00330EF2 /* MemoListVC.swift */; };
		54FA17EF286E975000330EF2 /* MemoFormVC.swift in Sources */ = {isa = PBXBuildFile; fileRef = 54FA17EE286E975000330EF2 /* MemoFormVC.swift */; };
		54FA17F1286E976400330EF2 /* MemoReadVC.swift in Sources */ = {isa = PBXBuildFile; fileRef = 54FA17F0286E976400330EF2 /* MemoReadVC.swift */; };
		54FA17F3286E97B500330EF2 /* MemoCell.swift in Sources */ = {isa = PBXBuildFile; fileRef = 54FA17F2286E97B500330EF2 /* MemoCell.swift */; };
		54FA17F5286EA9B800330EF2 /* MemoData.swift in Sources */ = {isa = PBXBuildFile; fileRef = 54FA17F4286EA9B800330EF2 /* MemoData.swift */; };
/* End PBXBuildFile section */

/* Begin PBXFileReference section */
		5436BCC0286DA493000C62B5 /* Memory.app */ = {isa = PBXFileReference; explicitFileType = wrapper.application; includeInIndex = 0; path = Memory.app; sourceTree = BUILT_PRODUCTS_DIR; };
		5436BCC3286DA493000C62B5 /* AppDelegate.swift */ = {isa = PBXFileReference; lastKnownFileType = sourcecode.swift; path = AppDelegate.swift; sourceTree = "<group>"; };
		5436BCC5286DA493000C62B5 /* SceneDelegate.swift */ = {isa = PBXFileReference; lastKnownFileType = sourcecode.swift; path = SceneDelegate.swift; sourceTree = "<group>"; };
		5436BCCA286DA493000C62B5 /* Base */ = {isa = PBXFileReference; lastKnownFileType = file.storyboard; name = Base; path = Base.lproj/Main.storyboard; sourceTree = "<group>"; };
		5436BCCD286DA493000C62B5 /* Memory.xcdatamodel */ = {isa = PBXFileReference; lastKnownFileType = wrapper.xcdatamodel; path = Memory.xcdatamodel; sourceTree = "<group>"; };
		5436BCCF286DA493000C62B5 /* Assets.xcassets */ = {isa = PBXFileReference; lastKnownFileType = folder.assetcatalog; path = Assets.xcassets; sourceTree = "<group>"; };
		5436BCD2286DA493000C62B5 /* Base */ = {isa = PBXFileReference; lastKnownFileType = file.storyboard; name = Base; path = Base.lproj/LaunchScreen.storyboard; sourceTree = "<group>"; };
		5436BCD4286DA493000C62B5 /* Info.plist */ = {isa = PBXFileReference; lastKnownFileType = text.plist.xml; path = Info.plist; sourceTree = "<group>"; };
		54FA17EC286E972B00330EF2 /* MemoListVC.swift */ = {isa = PBXFileReference; lastKnownFileType = sourcecode.swift; path = MemoListVC.swift; sourceTree = SOURCE_ROOT; };
		54FA17EE286E975000330EF2 /* MemoFormVC.swift */ = {isa = PBXFileReference; lastKnownFileType = sourcecode.swift; path = MemoFormVC.swift; sourceTree = SOURCE_ROOT; };
		54FA17F0286E976400330EF2 /* MemoReadVC.swift */ = {isa = PBXFileReference; lastKnownFileType = sourcecode.swift; path = MemoReadVC.swift; sourceTree = SOURCE_ROOT; };
		54FA17F2286E97B500330EF2 /* MemoCell.swift */ = {isa = PBXFileReference; lastKnownFileType = sourcecode.swift; path = MemoCell.swift; sourceTree = SOURCE_ROOT; };
		54FA17F4286EA9B800330EF2 /* MemoData.swift */ = {isa = PBXFileReference; lastKnownFileType = sourcecode.swift; path = MemoData.swift; sourceTree = SOURCE_ROOT; };
/* End PBXFileReference section */

/* Begin PBXFrameworksBuildPhase section */
		5436BCBD286DA493000C62B5 /* Frameworks */ = {
			isa = PBXFrameworksBuildPhase;
			buildActionMask = 2147483647;
			files = (
			);
			runOnlyForDeploymentPostprocessing = 0;
		};
/* End PBXFrameworksBuildPhase section */

/* Begin PBXGroup section */
		5436BCB7286DA493000C62B5 = {
			isa = PBXGroup;
			children = (
				5436BCC2286DA493000C62B5 /* Memory */,
				5436BCC1286DA493000C62B5 /* Products */,
			);
			sourceTree = "<group>";
		};
		5436BCC1286DA493000C62B5 /* Products */ = {
			isa = PBXGroup;
			children = (
				5436BCC0286DA493000C62B5 /* Memory.app */,
			);
			name = Products;
			sourceTree = "<group>";
		};
		5436BCC2286DA493000C62B5 /* Memory */ = {
			isa = PBXGroup;
			children = (
				5436BCC3286DA493000C62B5 /* AppDelegate.swift */,
				5436BCC5286DA493000C62B5 /* SceneDelegate.swift */,
				5436BCC9286DA493000C62B5 /* Main.storyboard */,
				5436BCCF286DA493000C62B5 /* Assets.xcassets */,
				5436BCD1286DA493000C62B5 /* LaunchScreen.storyboard */,
				5436BCD4286DA493000C62B5 /* Info.plist */,
				5436BCCC286DA493000C62B5 /* Memory.xcdatamodeld */,
				54FA17EC286E972B00330EF2 /* MemoListVC.swift */,
				54FA17EE286E975000330EF2 /* MemoFormVC.swift */,
				54FA17F0286E976400330EF2 /* MemoReadVC.swift */,
				54FA17F2286E97B500330EF2 /* MemoCell.swift */,
				54FA17F4286EA9B800330EF2 /* MemoData.swift */,
			);
			path = Memory;
			sourceTree = "<group>";
		};
/* End PBXGroup section */

/* Begin PBXNativeTarget section */
		5436BCBF286DA493000C62B5 /* Memory */ = {
			isa = PBXNativeTarget;
			buildConfigurationList = 5436BCD7286DA493000C62B5 /* Build configuration list for PBXNativeTarget "Memory" */;
			buildPhases = (
				5436BCBC286DA493000C62B5 /* Sources */,
				5436BCBD286DA493000C62B5 /* Frameworks */,
				5436BCBE286DA493000C62B5 /* Resources */,
			);
			buildRules = (
			);
			dependencies = (
			);
			name = Memory;
			productName = Memory;
			productReference = 5436BCC0286DA493000C62B5 /* Memory.app */;
			productType = "com.apple.product-type.application";
		};
/* End PBXNativeTarget section */

/* Begin PBXProject section */
		5436BCB8286DA493000C62B5 /* Project object */ = {
			isa = PBXProject;
			attributes = {
				BuildIndependentTargetsInParallel = 1;
				LastSwiftUpdateCheck = 1330;
				LastUpgradeCheck = 1330;
				TargetAttributes = {
					5436BCBF286DA493000C62B5 = {
						CreatedOnToolsVersion = 13.3.1;
					};
				};
			};
			buildConfigurationList = 5436BCBB286DA493000C62B5 /* Build configuration list for PBXProject "Memory" */;
			compatibilityVersion = "Xcode 13.0";
			developmentRegion = en;
			hasScannedForEncodings = 0;
			knownRegions = (
				en,
				Base,
			);
			mainGroup = 5436BCB7286DA493000C62B5;
			productRefGroup = 5436BCC1286DA493000C62B5 /* Products */;
			projectDirPath = "";
			projectRoot = "";
			targets = (
				5436BCBF286DA493000C62B5 /* Memory */,
			);
		};
/* End PBXProject section */

/* Begin PBXResourcesBuildPhase section */
		5436BCBE286DA493000C62B5 /* Resources */ = {
			isa = PBXResourcesBuildPhase;
			buildActionMask = 2147483647;
			files = (
				5436BCD3286DA493000C62B5 /* LaunchScreen.storyboard in Resources */,
				5436BCD0286DA493000C62B5 /* Assets.xcassets in Resources */,
				5436BCCB286DA493000C62B5 /* Main.storyboard in Resources */,
			);
			runOnlyForDeploymentPostprocessing = 0;
		};
/* End PBXResourcesBuildPhase section */

/* Begin PBXSourcesBuildPhase section */
		5436BCBC286DA493000C62B5 /* Sources */ = {
			isa = PBXSourcesBuildPhase;
			buildActionMask = 2147483647;
			files = (
				54FA17F3286E97B500330EF2 /* MemoCell.swift in Sources */,
				54FA17F5286EA9B800330EF2 /* MemoData.swift in Sources */,
				5436BCCE286DA493000C62B5 /* Memory.xcdatamodeld in Sources */,
				54FA17EF286E975000330EF2 /* MemoFormVC.swift in Sources */,
				54FA17F1286E976400330EF2 /* MemoReadVC.swift in Sources */,
				5436BCC4286DA493000C62B5 /* AppDelegate.swift in Sources */,
				54FA17ED286E972B00330EF2 /* MemoListVC.swift in Sources */,
				5436BCC6286DA493000C62B5 /* SceneDelegate.swift in Sources */,
			);
			runOnlyForDeploymentPostprocessing = 0;
		};
/* End PBXSourcesBuildPhase section */

/* Begin PBXVariantGroup section */
		5436BCC9286DA493000C62B5 /* Main.storyboard */ = {
			isa = PBXVariantGroup;
			children = (
				5436BCCA286DA493000C62B5 /* Base */,
			);
			name = Main.storyboard;
			sourceTree = "<group>";
		};
		5436BCD1286DA493000C62B5 /* LaunchScreen.storyboard */ = {
			isa = PBXVariantGroup;
			children = (
				5436BCD2286DA493000C62B5 /* Base */,
			);
			name = LaunchScreen.storyboard;
			sourceTree = "<group>";
		};
/* End PBXVariantGroup section */

/* Begin XCBuildConfiguration section */
		5436BCD5286DA493000C62B5 /* Debug */ = {
			isa = XCBuildConfiguration;
			buildSettings = {
				ALWAYS_SEARCH_USER_PATHS = NO;
				CLANG_ANALYZER_NONNULL = YES;
				CLANG_ANALYZER_NUMBER_OBJECT_CONVERSION = YES_AGGRESSIVE;
				CLANG_CXX_LANGUAGE_STANDARD = "gnu++17";
				CLANG_ENABLE_MODULES = YES;
				CLANG_ENABLE_OBJC_ARC = YES;
				CLANG_ENABLE_OBJC_WEAK = YES;
				CLANG_WARN_BLOCK_CAPTURE_AUTORELEASING = YES;
				CLANG_WARN_BOOL_CONVERSION = YES;
				CLANG_WARN_COMMA = YES;
				CLANG_WARN_CONSTANT_CONVERSION = YES;
				CLANG_WARN_DEPRECATED_OBJC_IMPLEMENTATIONS = YES;
				CLANG_WARN_DIRECT_OBJC_ISA_USAGE = YES_ERROR;
				CLANG_WARN_DOCUMENTATION_COMMENTS = YES;
				CLANG_WARN_EMPTY_BODY = YES;
				CLANG_WARN_ENUM_CONVERSION = YES;
				CLANG_WARN_INFINITE_RECURSION = YES;
				CLANG_WARN_INT_CONVERSION = YES;
				CLANG_WARN_NON_LITERAL_NULL_CONVERSION = YES;
				CLANG_WARN_OBJC_IMPLICIT_RETAIN_SELF = YES;
				CLANG_WARN_OBJC_LITERAL_CONVERSION = YES;
				CLANG_WARN_OBJC_ROOT_CLASS = YES_ERROR;
				CLANG_WARN_QUOTED_INCLUDE_IN_FRAMEWORK_HEADER = YES;
				CLANG_WARN_RANGE_LOOP_ANALYSIS = YES;
				CLANG_WARN_STRICT_PROTOTYPES = YES;
				CLANG_WARN_SUSPICIOUS_MOVE = YES;
				CLANG_WARN_UNGUARDED_AVAILABILITY = YES_AGGRESSIVE;
				CLANG_WARN_UNREACHABLE_CODE = YES;
				CLANG_WARN__DUPLICATE_METHOD_MATCH = YES;
				COPY_PHASE_STRIP = NO;
				DEBUG_INFORMATION_FORMAT = dwarf;
				ENABLE_STRICT_OBJC_MSGSEND = YES;
				ENABLE_TESTABILITY = YES;
				GCC_C_LANGUAGE_STANDARD = gnu11;
				GCC_DYNAMIC_NO_PIC = NO;
				GCC_NO_COMMON_BLOCKS = YES;
				GCC_OPTIMIZATION_LEVEL = 0;
				GCC_PREPROCESSOR_DEFINITIONS = (
					"DEBUG=1",
					"$(inherited)",
				);
				GCC_WARN_64_TO_32_BIT_CONVERSION = YES;
				GCC_WARN_ABOUT_RETURN_TYPE = YES_ERROR;
				GCC_WARN_UNDECLARED_SELECTOR = YES;
				GCC_WARN_UNINITIALIZED_AUTOS = YES_AGGRESSIVE;
				GCC_WARN_UNUSED_FUNCTION = YES;
				GCC_WARN_UNUSED_VARIABLE = YES;
				IPHONEOS_DEPLOYMENT_TARGET = 15.4;
				MTL_ENABLE_DEBUG_INFO = INCLUDE_SOURCE;
				MTL_FAST_MATH = YES;
				ONLY_ACTIVE_ARCH = YES;
				SDKROOT = iphoneos;
				SWIFT_ACTIVE_COMPILATION_CONDITIONS = DEBUG;
				SWIFT_OPTIMIZATION_LEVEL = "-Onone";
			};
			name = Debug;
		};
		5436BCD6286DA493000C62B5 /* Release */ = {
			isa = XCBuildConfiguration;
			buildSettings = {
				ALWAYS_SEARCH_USER_PATHS = NO;
				CLANG_ANALYZER_NONNULL = YES;
				CLANG_ANALYZER_NUMBER_OBJECT_CONVERSION = YES_AGGRESSIVE;
				CLANG_CXX_LANGUAGE_STANDARD = "gnu++17";
				CLANG_ENABLE_MODULES = YES;
				CLANG_ENABLE_OBJC_ARC = YES;
				CLANG_ENABLE_OBJC_WEAK = YES;
				CLANG_WARN_BLOCK_CAPTURE_AUTORELEASING = YES;
				CLANG_WARN_BOOL_CONVERSION = YES;
				CLANG_WARN_COMMA = YES;
				CLANG_WARN_CONSTANT_CONVERSION = YES;
				CLANG_WARN_DEPRECATED_OBJC_IMPLEMENTATIONS = YES;
				CLANG_WARN_DIRECT_OBJC_ISA_USAGE = YES_ERROR;
				CLANG_WARN_DOCUMENTATION_COMMENTS = YES;
				CLANG_WARN_EMPTY_BODY = YES;
				CLANG_WARN_ENUM_CONVERSION = YES;
				CLANG_WARN_INFINITE_RECURSION = YES;
				CLANG_WARN_INT_CONVERSION = YES;
				CLANG_WARN_NON_LITERAL_NULL_CONVERSION = YES;
				CLANG_WARN_OBJC_IMPLICIT_RETAIN_SELF = YES;
				CLANG_WARN_OBJC_LITERAL_CONVERSION = YES;
				CLANG_WARN_OBJC_ROOT_CLASS = YES_ERROR;
				CLANG_WARN_QUOTED_INCLUDE_IN_FRAMEWORK_HEADER = YES;
				CLANG_WARN_RANGE_LOOP_ANALYSIS = YES;
				CLANG_WARN_STRICT_PROTOTYPES = YES;
				CLANG_WARN_SUSPICIOUS_MOVE = YES;
				CLANG_WARN_UNGUARDED_AVAILABILITY = YES_AGGRESSIVE;
				CLANG_WARN_UNREACHABLE_CODE = YES;
				CLANG_WARN__DUPLICATE_METHOD_MATCH = YES;
				COPY_PHASE_STRIP = NO;
				DEBUG_INFORMATION_FORMAT = "dwarf-with-dsym";
				ENABLE_NS_ASSERTIONS = NO;
				ENABLE_STRICT_OBJC_MSGSEND = YES;
				GCC_C_LANGUAGE_STANDARD = gnu11;
				GCC_NO_COMMON_BLOCKS = YES;
				GCC_WARN_64_TO_32_BIT_CONVERSION = YES;
				GCC_WARN_ABOUT_RETURN_TYPE = YES_ERROR;
				GCC_WARN_UNDECLARED_SELECTOR = YES;
				GCC_WARN_UNINITIALIZED_AUTOS = YES_AGGRESSIVE;
				GCC_WARN_UNUSED_FUNCTION = YES;
				GCC_WARN_UNUSED_VARIABLE = YES;
				IPHONEOS_DEPLOYMENT_TARGET = 15.4;
				MTL_ENABLE_DEBUG_INFO = NO;
				MTL_FAST_MATH = YES;
				SDKROOT = iphoneos;
				SWIFT_COMPILATION_MODE = wholemodule;
				SWIFT_OPTIMIZATION_LEVEL = "-O";
				VALIDATE_PRODUCT = YES;
			};
			name = Release;
		};
		5436BCD8286DA493000C62B5 /* Debug */ = {
			isa = XCBuildConfiguration;
			buildSettings = {
				ASSETCATALOG_COMPILER_APPICON_NAME = AppIcon;
				ASSETCATALOG_COMPILER_GLOBAL_ACCENT_COLOR_NAME = AccentColor;
				CODE_SIGN_STYLE = Automatic;
				CURRENT_PROJECT_VERSION = 1;
				GENERATE_INFOPLIST_FILE = YES;
				INFOPLIST_FILE = Memory/Info.plist;
				INFOPLIST_KEY_UIApplicationSupportsIndirectInputEvents = YES;
				INFOPLIST_KEY_UILaunchStoryboardName = LaunchScreen;
				INFOPLIST_KEY_UIMainStoryboardFile = Main;
				INFOPLIST_KEY_UISupportedInterfaceOrientations = UIInterfaceOrientationPortrait;
				INFOPLIST_KEY_UISupportedInterfaceOrientations_iPad = "UIInterfaceOrientationPortrait UIInterfaceOrientationPortraitUpsideDown UIInterfaceOrientationLandscapeLeft UIInterfaceOrientationLandscapeRight";
				INFOPLIST_KEY_UISupportedInterfaceOrientations_iPhone = "UIInterfaceOrientationPortrait UIInterfaceOrientationLandscapeLeft UIInterfaceOrientationLandscapeRight";
				LD_RUNPATH_SEARCH_PATHS = (
					"$(inherited)",
					"@executable_path/Frameworks",
				);
				MARKETING_VERSION = 1.0;
				PRODUCT_BUNDLE_IDENTIFIER = michelle.Memory;
				PRODUCT_NAME = "$(TARGET_NAME)";
				SWIFT_EMIT_LOC_STRINGS = YES;
				SWIFT_VERSION = 5.0;
				TARGETED_DEVICE_FAMILY = 1;
			};
			name = Debug;
		};
		5436BCD9286DA493000C62B5 /* Release */ = {
			isa = XCBuildConfiguration;
			buildSettings = {
				ASSETCATALOG_COMPILER_APPICON_NAME = AppIcon;
				ASSETCATALOG_COMPILER_GLOBAL_ACCENT_COLOR_NAME = AccentColor;
				CODE_SIGN_STYLE = Automatic;
				CURRENT_PROJECT_VERSION = 1;
				GENERATE_INFOPLIST_FILE = YES;
				INFOPLIST_FILE = Memory/Info.plist;
				INFOPLIST_KEY_UIApplicationSupportsIndirectInputEvents = YES;
				INFOPLIST_KEY_UILaunchStoryboardName = LaunchScreen;
				INFOPLIST_KEY_UIMainStoryboardFile = Main;
				INFOPLIST_KEY_UISupportedInterfaceOrientations = UIInterfaceOrientationPortrait;
				INFOPLIST_KEY_UISupportedInterfaceOrientations_iPad = "UIInterfaceOrientationPortrait UIInterfaceOrientationPortraitUpsideDown UIInterfaceOrientationLandscapeLeft UIInterfaceOrientationLandscapeRight";
				INFOPLIST_KEY_UISupportedInterfaceOrientations_iPhone = "UIInterfaceOrientationPortrait UIInterfaceOrientationLandscapeLeft UIInterfaceOrientationLandscapeRight";
				LD_RUNPATH_SEARCH_PATHS = (
					"$(inherited)",
					"@executable_path/Frameworks",
				);
				MARKETING_VERSION = 1.0;
				PRODUCT_BUNDLE_IDENTIFIER = michelle.Memory;
				PRODUCT_NAME = "$(TARGET_NAME)";
				SWIFT_EMIT_LOC_STRINGS = YES;
				SWIFT_VERSION = 5.0;
				TARGETED_DEVICE_FAMILY = 1;
			};
			name = Release;
		};
/* End XCBuildConfiguration section */

/* Begin XCConfigurationList section */
		5436BCBB286DA493000C62B5 /* Build configuration list for PBXProject "Memory" */ = {
			isa = XCConfigurationList;
			buildConfigurations = (
				5436BCD5286DA493000C62B5 /* Debug */,
				5436BCD6286DA493000C62B5 /* Release */,
			);
			defaultConfigurationIsVisible = 0;
			defaultConfigurationName = Release;
		};
		5436BCD7286DA493000C62B5 /* Build configuration list for PBXNativeTarget "Memory" */ = {
			isa = XCConfigurationList;
			buildConfigurations = (
				5436BCD8286DA493000C62B5 /* Debug */,
				5436BCD9286DA493000C62B5 /* Release */,
			);
			defaultConfigurationIsVisible = 0;
			defaultConfigurationName = Release;
		};
/* End XCConfigurationList section */

/* Begin XCVersionGroup section */
		5436BCCC286DA493000C62B5 /* Memory.xcdatamodeld */ = {
			isa = XCVersionGroup;
			children = (
				5436BCCD286DA493000C62B5 /* Memory.xcdatamodel */,
			);
			currentVersion = 5436BCCD286DA493000C62B5 /* Memory.xcdatamodel */;
			path = Memory.xcdatamodeld;
			sourceTree = "<group>";
			versionGroupType = wrapper.xcdatamodel;
		};
/* End XCVersionGroup section */
	};
	rootObject = 5436BCB8286DA493000C62B5 /* Project object */;
}
